<?xml version="1.0" encoding="utf-8"?>
<Project ToolsVersion="4.0" xmlns="http://schemas.microsoft.com/developer/msbuild/2003">
  <ItemGroup>
    <Filter Include="0.types">
      <UniqueIdentifier>{24776a20-160c-4aa5-8a70-74f20aa35573}</UniqueIdentifier>
    </Filter>
    <Filter Include="1.common">
      <UniqueIdentifier>{ce3c03ad-7e24-4e43-a9e4-361d03ed48d8}</UniqueIdentifier>
    </Filter>
    <Filter Include="2.core">
      <UniqueIdentifier>{5bbcd8b9-03af-42a1-acf0-7e043cca0848}</UniqueIdentifier>
    </Filter>
    <Filter Include="3.tools">
      <UniqueIdentifier>{0ecb10fd-04bb-4dd7-944a-9e93c00d6d72}</UniqueIdentifier>
    </Filter>
  </ItemGroup>
  <ItemGroup>
    <ClCompile Include="Enemy.cpp">
      <Filter>1.common</Filter>
    </ClCompile>
    <ClCompile Include="Field.cpp">
      <Filter>1.common</Filter>
    </ClCompile>
    <ClCompile Include="game_maze.cpp">
      <Filter>1.common</Filter>
    </ClCompile>
    <ClCompile Include="Player.cpp">
      <Filter>1.common</Filter>
    </ClCompile>
  </ItemGroup>
  <ItemGroup>
    <ClInclude Include="Enemy.h">
      <Filter>1.common</Filter>
    </ClInclude>
    <ClInclude Include="Field.h">
      <Filter>1.common</Filter>
    </ClInclude>
    <ClInclude Include="Player.h">
      <Filter>1.common</Filter>
    </ClInclude>
  </ItemGroup>
  <ItemGroup>
    <Text Include="code_convention.txt" />
  </ItemGroup>
</Project>